// !$*UTF8*$!
{
	archiveVersion = 1;
	classes = {
	};
	objectVersion = 46;
	objects = {

/* Begin PBXBuildFile section */
		040B02E81DB4277F000AC34A /* SketchResizableSymbolsforResponsiveInterfacesUIKit.framework in Frameworks */ = {isa = PBXBuildFile; fileRef = 040B02E11DB4277F000AC34A /* SketchResizableSymbolsforResponsiveInterfacesUIKit.framework */; };
		040B02E91DB4277F000AC34A /* SketchResizableSymbolsforResponsiveInterfacesUIKit.framework in Embed Frameworks */ = {isa = PBXBuildFile; fileRef = 040B02E11DB4277F000AC34A /* SketchResizableSymbolsforResponsiveInterfacesUIKit.framework */; settings = {ATTRIBUTES = (CodeSignOnCopy, RemoveHeadersOnCopy, ); }; };
		6B8206131D5777CB00AE6F94 /* AVKit.framework in Frameworks */ = {isa = PBXBuildFile; fileRef = 6B8206121D5777CB00AE6F94 /* AVKit.framework */; };
		6B8206151D5777D000AE6F94 /* AVFoundation.framework in Frameworks */ = {isa = PBXBuildFile; fileRef = 6B8206141D5777D000AE6F94 /* AVFoundation.framework */; };
		6B8206171D5777D500AE6F94 /* MapKit.framework in Frameworks */ = {isa = PBXBuildFile; fileRef = 6B8206161D5777D500AE6F94 /* MapKit.framework */; };
		040B02E51DB4277F000AC34A /* SketchResizableSymbolsforResponsiveInterfacesUIKit.h in Headers */ = {isa = PBXBuildFile; fileRef = 040B02E31DB4277F000AC34A /* SketchResizableSymbolsforResponsiveInterfacesUIKit.h */; settings = {ATTRIBUTES = (Public, ); }; };
		6B3A5F631D5532050000E45F /* main.m in Sources */ = {isa = PBXBuildFile; fileRef = 6B3A5F621D5532050000E45F /* main.m */; };
		6B3A5F661D5532050000E45F /* AppDelegate.m in Sources */ = {isa = PBXBuildFile; fileRef = 6B3A5F651D5532050000E45F /* AppDelegate.m */; };
		044ADF5C1DB572BA00DD6194 /* SketchResizableSymbolsforResponsiveInterfacesUIKit.xcassets in Resources */ = {isa = PBXBuildFile; fileRef = 6B3A5F6D1D5532050000E45F /* SketchResizableSymbolsforResponsiveInterfacesUIKit.xcassets */; };
		217D01DD4AD0674BD1D71A40 /* AnimaSDK.h in Headers */ = {isa = PBXBuildFile; fileRef = 245E26B2D3FF3C8C2C9CAA10 /* AnimaSDK.h */; settings = {ATTRIBUTES = (Public, ); }; };
		8D4F50D05DAB7B8F8D3B7F17 /* ANMacros.h in Headers */ = {isa = PBXBuildFile; fileRef = E2990605A07C7D9CCB7F8DC0 /* ANMacros.h */; settings = {ATTRIBUTES = (Public, ); }; };
		7AAF6FC5AF2F5B7A91524227 /* ANGradientView.h in Headers */ = {isa = PBXBuildFile; fileRef = 3DA48AE9A1F99D54AEBE79F5 /* ANGradientView.h */; settings = {ATTRIBUTES = (Public, ); }; };
		340C5E4E673FAF477DA5569F /* ANVideoPlayer.h in Headers */ = {isa = PBXBuildFile; fileRef = 5D83E4197EB172A6273BA488 /* ANVideoPlayer.h */; settings = {ATTRIBUTES = (Public, ); }; };
		E65F0F80B35F2FB0BD3A8133 /* MKMapView+Anima.h in Headers */ = {isa = PBXBuildFile; fileRef = 885E2D8D7983357FC442DC91 /* MKMapView+Anima.h */; settings = {ATTRIBUTES = (Public, ); }; };
		772F29865E218C6090A59354 /* ANRSSParser.h in Headers */ = {isa = PBXBuildFile; fileRef = 390F537F2C02CB63740A54B9 /* ANRSSParser.h */; settings = {ATTRIBUTES = (Public, ); }; };
		C82FA246082C756F560901DF /* ANProtocols.h in Headers */ = {isa = PBXBuildFile; fileRef = E10C34066F267BFEBCE34DDE /* ANProtocols.h */; settings = {ATTRIBUTES = (Public, ); }; };
		00B9A52C6DC7CC51CB6E3718 /* ANTheme.h in Headers */ = {isa = PBXBuildFile; fileRef = 6D8E6421E08E0B336963C064 /* ANTheme.h */; settings = {ATTRIBUTES = (Public, ); }; };
		DC2F07B72858E4E4E1644425 /* ANTextField.h in Headers */ = {isa = PBXBuildFile; fileRef = B8F0B4365E03A80EDFF59015 /* ANTextField.h */; settings = {ATTRIBUTES = (Public, ); }; };
		1B14B3A3C7E6A0AC7A5FEBD7 /* ANNavigationController.h in Headers */ = {isa = PBXBuildFile; fileRef = 50F54D871C7BB53043CB95F2 /* ANNavigationController.h */; settings = {ATTRIBUTES = (Public, ); }; };
		A3DC65C5E01DCED1A8F07574 /* ANViewController.h in Headers */ = {isa = PBXBuildFile; fileRef = 9320C3E060BBDE7E6678656B /* ANViewController.h */; settings = {ATTRIBUTES = (Public, ); }; };
		F46A4E74A72A274DCD3CC1B9 /* NSString+Anima.h in Headers */ = {isa = PBXBuildFile; fileRef = 34478D42E582C90873D65121 /* NSString+Anima.h */; settings = {ATTRIBUTES = (Public, ); }; };
		483FB5CF948F8B222D2B9C61 /* UIWebView+Anima.h in Headers */ = {isa = PBXBuildFile; fileRef = 8585A6FF5742B3C1EE0492CD /* UIWebView+Anima.h */; settings = {ATTRIBUTES = (Public, ); }; };
		4AD73F4D3F2ABB03629852DE /* Anima-Bridging-Header.h in Headers */ = {isa = PBXBuildFile; fileRef = 2BE13FAC0B6E050CDBA71BDB /* Anima-Bridging-Header.h */; settings = {ATTRIBUTES = (Public, ); }; };
		37DB50592D10E91C595CE3BB /* ANCSVParser.h in Headers */ = {isa = PBXBuildFile; fileRef = F51A157193B52214800C3611 /* ANCSVParser.h */; settings = {ATTRIBUTES = (Public, ); }; };
		2EA589FA8D76D7190ED3539A /* ANLabel.h in Headers */ = {isa = PBXBuildFile; fileRef = 142D79C4E43326BC56965024 /* ANLabel.h */; settings = {ATTRIBUTES = (Public, ); }; };
		003749D65C3DDF240ED4A2EB /* ANClassMapping.h in Headers */ = {isa = PBXBuildFile; fileRef = 55B5DE6784A1833609F7B363 /* ANClassMapping.h */; settings = {ATTRIBUTES = (Public, ); }; };
		5BED6A0CE95C27847478A3CF /* NSDictionary+Anima.h in Headers */ = {isa = PBXBuildFile; fileRef = BAF365CD2648FB1A6D6CF4B9 /* NSDictionary+Anima.h */; settings = {ATTRIBUTES = (Public, ); }; };
		A54BD7E492B73CB5475EE451 /* ANTabBarController.h in Headers */ = {isa = PBXBuildFile; fileRef = 07EAC3BB66A1F2E1B284E98D /* ANTabBarController.h */; settings = {ATTRIBUTES = (Public, ); }; };
		C5475DE1438395CECCDA8C5C /* UIView+AnimaConstraints.h in Headers */ = {isa = PBXBuildFile; fileRef = 091CAB65ED9C538B421D78A4 /* UIView+AnimaConstraints.h */; settings = {ATTRIBUTES = (Public, ); }; };
		9610182EB2C9DC93CB074371 /* UIView+Anima.h in Headers */ = {isa = PBXBuildFile; fileRef = A300210A07BB510F18A1E2A0 /* UIView+Anima.h */; settings = {ATTRIBUTES = (Public, ); }; };
		7BC24608F31408B6F2A36AC4 /* UIImageView+Anima.h in Headers */ = {isa = PBXBuildFile; fileRef = 79DB1EC64BD493E147C83386 /* UIImageView+Anima.h */; settings = {ATTRIBUTES = (Public, ); }; };
		08FAB0BD5A2170F0621054D6 /* ANDataList.h in Headers */ = {isa = PBXBuildFile; fileRef = 69E10FF35CFCDD9CBE537BA4 /* ANDataList.h */; settings = {ATTRIBUTES = (Public, ); }; };
		EFBF67035AE1ED5D236B5927 /* ANGradientView.m in Sources */ = {isa = PBXBuildFile; fileRef = 49C8403CA60FFBB039C8DEF3 /* ANGradientView.m */; };
		A4ECF2E405F20139D611FAA3 /* ANClassMapping.m in Sources */ = {isa = PBXBuildFile; fileRef = 54AC65A7FAB41A5105D20306 /* ANClassMapping.m */; };
		5C05B39AAE3BCF26D762BAE3 /* NSDictionary+Anima.m in Sources */ = {isa = PBXBuildFile; fileRef = 6116C6672C6E979604B2AF95 /* NSDictionary+Anima.m */; };
		401F99FE703E4A0C8E25DA5E /* ANTabBarController.m in Sources */ = {isa = PBXBuildFile; fileRef = 6FBA737FDA2475198351960F /* ANTabBarController.m */; };
		27D4D7A01443C971F6EACD9B /* UIWebView+Anima.m in Sources */ = {isa = PBXBuildFile; fileRef = 6F40F13B122AD1E36711E41D /* UIWebView+Anima.m */; };
		65CD5B6693CB82A841D1009F /* ANNavigationController.m in Sources */ = {isa = PBXBuildFile; fileRef = 9478D705983B121F1ECF990E /* ANNavigationController.m */; };
		C78E671C6E03BF12314BFA90 /* ANViewController.m in Sources */ = {isa = PBXBuildFile; fileRef = 44E033FC045C19C8797143C1 /* ANViewController.m */; };
		54B4D7BA8D5C67FB6A9D2D44 /* UIView+Anima.m in Sources */ = {isa = PBXBuildFile; fileRef = 644EC1D95A6DFAD891D733ED /* UIView+Anima.m */; };
		E88B4DEA373C60343E1567B1 /* ANTheme.m in Sources */ = {isa = PBXBuildFile; fileRef = 18AE96A121BB05817102E32E /* ANTheme.m */; };
		E771AEAF0F1FED7110E64CA0 /* ANDataList.m in Sources */ = {isa = PBXBuildFile; fileRef = 8EADDE29E3B2C6499CDEA4ED /* ANDataList.m */; };
		C175B1AD639DCF5C20DD601F /* ANRSSParser.m in Sources */ = {isa = PBXBuildFile; fileRef = C8329216DBABD140059B50DB /* ANRSSParser.m */; };
		8867F7FE3AD2F990E4985F58 /* UIImageView+Anima.m in Sources */ = {isa = PBXBuildFile; fileRef = 6C8D49EDE7FD549097F316AA /* UIImageView+Anima.m */; };
		ED2754F6DED1C8D67E79D015 /* NSString+Anima.m in Sources */ = {isa = PBXBuildFile; fileRef = 883174213FF548F8CB052731 /* NSString+Anima.m */; };
		DF95E7F937AA0307DB8A9C79 /* ANVideoPlayer.m in Sources */ = {isa = PBXBuildFile; fileRef = B95E31BF727DAB83CB769A4A /* ANVideoPlayer.m */; };
		56F3A6CD56871B704335499F /* ANLabel.m in Sources */ = {isa = PBXBuildFile; fileRef = EC15F79844B339F2ECEE1FCD /* ANLabel.m */; };
		FA1CE9BA36328AD3DED7C5DC /* UIView+AnimaConstraints.m in Sources */ = {isa = PBXBuildFile; fileRef = B667DD30E1A50D7B65704958 /* UIView+AnimaConstraints.m */; };
		71903874008EA75907C08036 /* ANCSVParser.m in Sources */ = {isa = PBXBuildFile; fileRef = 0F6D527EBB408582C694CB4D /* ANCSVParser.m */; };
		7053E9F500FF693FCBBF18C1 /* MKMapView+Anima.m in Sources */ = {isa = PBXBuildFile; fileRef = 9536DD37EBB25A618D434C3C /* MKMapView+Anima.m */; };
		95BA8806E4223847F777752D /* ANTextField.m in Sources */ = {isa = PBXBuildFile; fileRef = 22F1B13FC5A42286D00DC96D /* ANTextField.m */; };
		75BFB8B21C500C18DB5327F8 /* APSketchResizableSymbolsforResponsiveInterfacesManager.h in Headers */ = {isa = PBXBuildFile; fileRef = A43E65F5DE631C3147D34450 /* APSketchResizableSymbolsforResponsiveInterfacesManager.h */; settings = {ATTRIBUTES = (Public, ); }; };
		C28BCE4C53C96C221B77484D /* APDesktopHdDetachedSymbolsContentViaCraftVC.h in Headers */ = {isa = PBXBuildFile; fileRef = D1D6D924373B3B9745B3A4B9 /* APDesktopHdDetachedSymbolsContentViaCraftVC.h */; settings = {ATTRIBUTES = (Public, ); }; };
		1E0DD97E366451A21BF6144B /* APSketchResizableSymbolsforResponsiveInterfacesManager.m in Sources */ = {isa = PBXBuildFile; fileRef = 2A5C3F9E1656B48CB970E073 /* APSketchResizableSymbolsforResponsiveInterfacesManager.m */; };
		59A47002B091D75432EBE278 /* APDesktopHdDetachedSymbolsContentViaCraftVC.m in Sources */ = {isa = PBXBuildFile; fileRef = 9D26C5DEE902300D38935397 /* APDesktopHdDetachedSymbolsContentViaCraftVC.m */; };
		32C864FEFC02BC89C54E32FC /* SFUIDisplay-Semibold.ttf in Resources */ = {isa = PBXBuildFile; fileRef = E0D819AFE495A49D198945BB /* SFUIDisplay-Semibold.ttf */; };
		81B670C56792D185490E6AB3 /* SFUIDisplay-Light.ttf in Resources */ = {isa = PBXBuildFile; fileRef = 0418447FC49CF4A1508F582B /* SFUIDisplay-Light.ttf */; };
		044ADF5B1DB572BA00DD6194 /* SketchResizableSymbolsforResponsiveInterfacesUIKit.storyboard in Resources */ = {isa = PBXBuildFile; fileRef = 044ADF491DB572BA00DD6194 /* SketchResizableSymbolsforResponsiveInterfacesUIKit.storyboard */; };
		6B3A5F841D55CDC80000E45F /* LaunchScreen.storyboard in Resources */ = {isa = PBXBuildFile; fileRef = 6B3A5F821D55CDC80000E45F /* LaunchScreen.storyboard */; };
		047723731E0063CB0067F666 /* ExampleUITests.swift in Sources */ = {isa = PBXBuildFile; fileRef = 047723721E0063CB0067F666 /* ExampleUITests.swift */; };
		0477237D1E0063FE0067F666 /* SnapshotHelper.swift in Sources */ = {isa = PBXBuildFile; fileRef = 0477237C1E0063FE0067F666 /* SnapshotHelper.swift */; };
/* End PBXBuildFile section */

/* Begin PBXContainerItemProxy section */
		040B02E61DB4277F000AC34A /* PBXContainerItemProxy */ = {
			isa = PBXContainerItemProxy;
			containerPortal = 6B3A5F561D5532050000E45F /* Project object */;
			proxyType = 1;
			remoteGlobalIDString = 040B02E01DB4277F000AC34A;
			remoteInfo = SketchResizableSymbolsforResponsiveInterfacesUIKit;
		};
/* End PBXContainerItemProxy section */

/* Begin PBXHeadersBuildPhase section */
		040B02DE1DB4277F000AC34A /* Headers */ = {
			isa = PBXHeadersBuildPhase;
			buildActionMask = 2147483647;
			files = (
			    040B02E51DB4277F000AC34A /* SketchResizableSymbolsforResponsiveInterfacesUIKit.h in Headers */,
		        217D01DD4AD0674BD1D71A40 /* AnimaSDK.h in Headers */,
		        8D4F50D05DAB7B8F8D3B7F17 /* ANMacros.h in Headers */,
		        7AAF6FC5AF2F5B7A91524227 /* ANGradientView.h in Headers */,
		        340C5E4E673FAF477DA5569F /* ANVideoPlayer.h in Headers */,
		        E65F0F80B35F2FB0BD3A8133 /* MKMapView+Anima.h in Headers */,
		        772F29865E218C6090A59354 /* ANRSSParser.h in Headers */,
		        C82FA246082C756F560901DF /* ANProtocols.h in Headers */,
		        00B9A52C6DC7CC51CB6E3718 /* ANTheme.h in Headers */,
		        DC2F07B72858E4E4E1644425 /* ANTextField.h in Headers */,
		        1B14B3A3C7E6A0AC7A5FEBD7 /* ANNavigationController.h in Headers */,
		        A3DC65C5E01DCED1A8F07574 /* ANViewController.h in Headers */,
		        F46A4E74A72A274DCD3CC1B9 /* NSString+Anima.h in Headers */,
		        483FB5CF948F8B222D2B9C61 /* UIWebView+Anima.h in Headers */,
		        4AD73F4D3F2ABB03629852DE /* Anima-Bridging-Header.h in Headers */,
		        37DB50592D10E91C595CE3BB /* ANCSVParser.h in Headers */,
		        2EA589FA8D76D7190ED3539A /* ANLabel.h in Headers */,
		        003749D65C3DDF240ED4A2EB /* ANClassMapping.h in Headers */,
		        5BED6A0CE95C27847478A3CF /* NSDictionary+Anima.h in Headers */,
		        A54BD7E492B73CB5475EE451 /* ANTabBarController.h in Headers */,
		        C5475DE1438395CECCDA8C5C /* UIView+AnimaConstraints.h in Headers */,
		        9610182EB2C9DC93CB074371 /* UIView+Anima.h in Headers */,
		        7BC24608F31408B6F2A36AC4 /* UIImageView+Anima.h in Headers */,
		        08FAB0BD5A2170F0621054D6 /* ANDataList.h in Headers */,
		        75BFB8B21C500C18DB5327F8 /* APSketchResizableSymbolsforResponsiveInterfacesManager.h in Headers */,
		        C28BCE4C53C96C221B77484D /* APDesktopHdDetachedSymbolsContentViaCraftVC.h in Headers */,
		        );
			runOnlyForDeploymentPostprocessing = 0;
		};
/* End PBXHeadersBuildPhase section */

/* Begin PBXCopyFilesBuildPhase section */
		040B02ED1DB4277F000AC34A /* Embed Frameworks */ = {
			isa = PBXCopyFilesBuildPhase;
			buildActionMask = 2147483647;
			dstPath = "";
			dstSubfolderSpec = 10;
			files = (
				040B02E91DB4277F000AC34A /* SketchResizableSymbolsforResponsiveInterfacesUIKit.framework in Embed Frameworks */,
			);
			name = "Embed Frameworks";
			runOnlyForDeploymentPostprocessing = 0;
		};
/* End PBXCopyFilesBuildPhase section */

/* Begin PBXFileReference section */
        040B02E11DB4277F000AC34A /* SketchResizableSymbolsforResponsiveInterfacesUIKit.framework */ = {isa = PBXFileReference; explicitFileType = wrapper.framework; includeInIndex = 0; path = SketchResizableSymbolsforResponsiveInterfacesUIKit.framework; sourceTree = BUILT_PRODUCTS_DIR; };
		040B02E31DB4277F000AC34A /* SketchResizableSymbolsforResponsiveInterfacesUIKit.h */ = {isa = PBXFileReference; lastKnownFileType = sourcecode.c.h; path = SketchResizableSymbolsforResponsiveInterfacesUIKit.h; sourceTree = "<group>"; };
		040B02E41DB4277F000AC34A /* Info.plist */ = {isa = PBXFileReference; lastKnownFileType = text.plist.xml; path = Info.plist; sourceTree = "<group>"; };
		6B3A5F5E1D5532050000E45F /* Example.app */ = {isa = PBXFileReference; explicitFileType = wrapper.application; includeInIndex = 0; path = Example.app; sourceTree = BUILT_PRODUCTS_DIR; };
        6B8206121D5777CB00AE6F94 /* AVKit.framework */ = {isa = PBXFileReference; lastKnownFileType = wrapper.framework; name = AVKit.framework; path = System/Library/Frameworks/AVKit.framework; sourceTree = SDKROOT; };
		6B8206141D5777D000AE6F94 /* AVFoundation.framework */ = {isa = PBXFileReference; lastKnownFileType = wrapper.framework; name = AVFoundation.framework; path = System/Library/Frameworks/AVFoundation.framework; sourceTree = SDKROOT; };
		6B8206161D5777D500AE6F94 /* MapKit.framework */ = {isa = PBXFileReference; lastKnownFileType = wrapper.framework; name = MapKit.framework; path = System/Library/Frameworks/MapKit.framework; sourceTree = SDKROOT; };
		6B3A5F621D5532050000E45F /* main.m */ = {isa = PBXFileReference; lastKnownFileType = sourcecode.c.objc; path = main.m; sourceTree = "<group>"; };
		6B3A5F641D5532050000E45F /* AppDelegate.h */ = {isa = PBXFileReference; lastKnownFileType = sourcecode.c.h; path = AppDelegate.h; sourceTree = "<group>"; };
		6B3A5F651D5532050000E45F /* AppDelegate.m */ = {isa = PBXFileReference; lastKnownFileType = sourcecode.c.objc; path = AppDelegate.m; sourceTree = "<group>"; };
		6B3A5F6D1D5532050000E45F /* SketchResizableSymbolsforResponsiveInterfacesUIKit.xcassets */ = {isa = PBXFileReference; lastKnownFileType = folder.assetcatalog; path = SketchResizableSymbolsforResponsiveInterfacesUIKit.xcassets; sourceTree = "<group>"; };
		6B3A5F721D5532050000E45F /* Info.plist */ = {isa = PBXFileReference; lastKnownFileType = text.plist.xml; path = Info.plist; sourceTree = "<group>"; };
		245E26B2D3FF3C8C2C9CAA10 /* AnimaSDK.h */ = {isa = PBXFileReference; fileEncoding = 4; lastKnownFileType = sourcecode.c.h; path = "AnimaSDK.h"; sourceTree = "<group>"; };
		E2990605A07C7D9CCB7F8DC0 /* ANMacros.h */ = {isa = PBXFileReference; fileEncoding = 4; lastKnownFileType = sourcecode.c.h; path = "ANMacros.h"; sourceTree = "<group>"; };
		3DA48AE9A1F99D54AEBE79F5 /* ANGradientView.h */ = {isa = PBXFileReference; fileEncoding = 4; lastKnownFileType = sourcecode.c.h; path = "ANGradientView.h"; sourceTree = "<group>"; };
		5D83E4197EB172A6273BA488 /* ANVideoPlayer.h */ = {isa = PBXFileReference; fileEncoding = 4; lastKnownFileType = sourcecode.c.h; path = "ANVideoPlayer.h"; sourceTree = "<group>"; };
		885E2D8D7983357FC442DC91 /* MKMapView+Anima.h */ = {isa = PBXFileReference; fileEncoding = 4; lastKnownFileType = sourcecode.c.h; path = "MKMapView+Anima.h"; sourceTree = "<group>"; };
		390F537F2C02CB63740A54B9 /* ANRSSParser.h */ = {isa = PBXFileReference; fileEncoding = 4; lastKnownFileType = sourcecode.c.h; path = "ANRSSParser.h"; sourceTree = "<group>"; };
		E10C34066F267BFEBCE34DDE /* ANProtocols.h */ = {isa = PBXFileReference; fileEncoding = 4; lastKnownFileType = sourcecode.c.h; path = "ANProtocols.h"; sourceTree = "<group>"; };
		6D8E6421E08E0B336963C064 /* ANTheme.h */ = {isa = PBXFileReference; fileEncoding = 4; lastKnownFileType = sourcecode.c.h; path = "ANTheme.h"; sourceTree = "<group>"; };
		B8F0B4365E03A80EDFF59015 /* ANTextField.h */ = {isa = PBXFileReference; fileEncoding = 4; lastKnownFileType = sourcecode.c.h; path = "ANTextField.h"; sourceTree = "<group>"; };
		50F54D871C7BB53043CB95F2 /* ANNavigationController.h */ = {isa = PBXFileReference; fileEncoding = 4; lastKnownFileType = sourcecode.c.h; path = "ANNavigationController.h"; sourceTree = "<group>"; };
		9320C3E060BBDE7E6678656B /* ANViewController.h */ = {isa = PBXFileReference; fileEncoding = 4; lastKnownFileType = sourcecode.c.h; path = "ANViewController.h"; sourceTree = "<group>"; };
		34478D42E582C90873D65121 /* NSString+Anima.h */ = {isa = PBXFileReference; fileEncoding = 4; lastKnownFileType = sourcecode.c.h; path = "NSString+Anima.h"; sourceTree = "<group>"; };
		8585A6FF5742B3C1EE0492CD /* UIWebView+Anima.h */ = {isa = PBXFileReference; fileEncoding = 4; lastKnownFileType = sourcecode.c.h; path = "UIWebView+Anima.h"; sourceTree = "<group>"; };
		2BE13FAC0B6E050CDBA71BDB /* Anima-Bridging-Header.h */ = {isa = PBXFileReference; fileEncoding = 4; lastKnownFileType = sourcecode.c.h; path = "Anima-Bridging-Header.h"; sourceTree = "<group>"; };
		F51A157193B52214800C3611 /* ANCSVParser.h */ = {isa = PBXFileReference; fileEncoding = 4; lastKnownFileType = sourcecode.c.h; path = "ANCSVParser.h"; sourceTree = "<group>"; };
		142D79C4E43326BC56965024 /* ANLabel.h */ = {isa = PBXFileReference; fileEncoding = 4; lastKnownFileType = sourcecode.c.h; path = "ANLabel.h"; sourceTree = "<group>"; };
		55B5DE6784A1833609F7B363 /* ANClassMapping.h */ = {isa = PBXFileReference; fileEncoding = 4; lastKnownFileType = sourcecode.c.h; path = "ANClassMapping.h"; sourceTree = "<group>"; };
		BAF365CD2648FB1A6D6CF4B9 /* NSDictionary+Anima.h */ = {isa = PBXFileReference; fileEncoding = 4; lastKnownFileType = sourcecode.c.h; path = "NSDictionary+Anima.h"; sourceTree = "<group>"; };
		07EAC3BB66A1F2E1B284E98D /* ANTabBarController.h */ = {isa = PBXFileReference; fileEncoding = 4; lastKnownFileType = sourcecode.c.h; path = "ANTabBarController.h"; sourceTree = "<group>"; };
		091CAB65ED9C538B421D78A4 /* UIView+AnimaConstraints.h */ = {isa = PBXFileReference; fileEncoding = 4; lastKnownFileType = sourcecode.c.h; path = "UIView+AnimaConstraints.h"; sourceTree = "<group>"; };
		A300210A07BB510F18A1E2A0 /* UIView+Anima.h */ = {isa = PBXFileReference; fileEncoding = 4; lastKnownFileType = sourcecode.c.h; path = "UIView+Anima.h"; sourceTree = "<group>"; };
		79DB1EC64BD493E147C83386 /* UIImageView+Anima.h */ = {isa = PBXFileReference; fileEncoding = 4; lastKnownFileType = sourcecode.c.h; path = "UIImageView+Anima.h"; sourceTree = "<group>"; };
		69E10FF35CFCDD9CBE537BA4 /* ANDataList.h */ = {isa = PBXFileReference; fileEncoding = 4; lastKnownFileType = sourcecode.c.h; path = "ANDataList.h"; sourceTree = "<group>"; };
		49C8403CA60FFBB039C8DEF3 /* ANGradientView.m */ = {isa = PBXFileReference; fileEncoding = 4; lastKnownFileType = sourcecode.c.objc; path = "ANGradientView.m"; sourceTree = "<group>"; };
		54AC65A7FAB41A5105D20306 /* ANClassMapping.m */ = {isa = PBXFileReference; fileEncoding = 4; lastKnownFileType = sourcecode.c.objc; path = "ANClassMapping.m"; sourceTree = "<group>"; };
		6116C6672C6E979604B2AF95 /* NSDictionary+Anima.m */ = {isa = PBXFileReference; fileEncoding = 4; lastKnownFileType = sourcecode.c.objc; path = "NSDictionary+Anima.m"; sourceTree = "<group>"; };
		6FBA737FDA2475198351960F /* ANTabBarController.m */ = {isa = PBXFileReference; fileEncoding = 4; lastKnownFileType = sourcecode.c.objc; path = "ANTabBarController.m"; sourceTree = "<group>"; };
		6F40F13B122AD1E36711E41D /* UIWebView+Anima.m */ = {isa = PBXFileReference; fileEncoding = 4; lastKnownFileType = sourcecode.c.objc; path = "UIWebView+Anima.m"; sourceTree = "<group>"; };
		9478D705983B121F1ECF990E /* ANNavigationController.m */ = {isa = PBXFileReference; fileEncoding = 4; lastKnownFileType = sourcecode.c.objc; path = "ANNavigationController.m"; sourceTree = "<group>"; };
		44E033FC045C19C8797143C1 /* ANViewController.m */ = {isa = PBXFileReference; fileEncoding = 4; lastKnownFileType = sourcecode.c.objc; path = "ANViewController.m"; sourceTree = "<group>"; };
		644EC1D95A6DFAD891D733ED /* UIView+Anima.m */ = {isa = PBXFileReference; fileEncoding = 4; lastKnownFileType = sourcecode.c.objc; path = "UIView+Anima.m"; sourceTree = "<group>"; };
		18AE96A121BB05817102E32E /* ANTheme.m */ = {isa = PBXFileReference; fileEncoding = 4; lastKnownFileType = sourcecode.c.objc; path = "ANTheme.m"; sourceTree = "<group>"; };
		8EADDE29E3B2C6499CDEA4ED /* ANDataList.m */ = {isa = PBXFileReference; fileEncoding = 4; lastKnownFileType = sourcecode.c.objc; path = "ANDataList.m"; sourceTree = "<group>"; };
		C8329216DBABD140059B50DB /* ANRSSParser.m */ = {isa = PBXFileReference; fileEncoding = 4; lastKnownFileType = sourcecode.c.objc; path = "ANRSSParser.m"; sourceTree = "<group>"; };
		6C8D49EDE7FD549097F316AA /* UIImageView+Anima.m */ = {isa = PBXFileReference; fileEncoding = 4; lastKnownFileType = sourcecode.c.objc; path = "UIImageView+Anima.m"; sourceTree = "<group>"; };
		883174213FF548F8CB052731 /* NSString+Anima.m */ = {isa = PBXFileReference; fileEncoding = 4; lastKnownFileType = sourcecode.c.objc; path = "NSString+Anima.m"; sourceTree = "<group>"; };
		B95E31BF727DAB83CB769A4A /* ANVideoPlayer.m */ = {isa = PBXFileReference; fileEncoding = 4; lastKnownFileType = sourcecode.c.objc; path = "ANVideoPlayer.m"; sourceTree = "<group>"; };
		EC15F79844B339F2ECEE1FCD /* ANLabel.m */ = {isa = PBXFileReference; fileEncoding = 4; lastKnownFileType = sourcecode.c.objc; path = "ANLabel.m"; sourceTree = "<group>"; };
		B667DD30E1A50D7B65704958 /* UIView+AnimaConstraints.m */ = {isa = PBXFileReference; fileEncoding = 4; lastKnownFileType = sourcecode.c.objc; path = "UIView+AnimaConstraints.m"; sourceTree = "<group>"; };
		0F6D527EBB408582C694CB4D /* ANCSVParser.m */ = {isa = PBXFileReference; fileEncoding = 4; lastKnownFileType = sourcecode.c.objc; path = "ANCSVParser.m"; sourceTree = "<group>"; };
		9536DD37EBB25A618D434C3C /* MKMapView+Anima.m */ = {isa = PBXFileReference; fileEncoding = 4; lastKnownFileType = sourcecode.c.objc; path = "MKMapView+Anima.m"; sourceTree = "<group>"; };
		22F1B13FC5A42286D00DC96D /* ANTextField.m */ = {isa = PBXFileReference; fileEncoding = 4; lastKnownFileType = sourcecode.c.objc; path = "ANTextField.m"; sourceTree = "<group>"; };
		A43E65F5DE631C3147D34450 /* APSketchResizableSymbolsforResponsiveInterfacesManager.h */ = {isa = PBXFileReference; fileEncoding = 4; lastKnownFileType = sourcecode.c.h; path = "APSketchResizableSymbolsforResponsiveInterfacesManager.h"; sourceTree = "<group>"; };
		D1D6D924373B3B9745B3A4B9 /* APDesktopHdDetachedSymbolsContentViaCraftVC.h */ = {isa = PBXFileReference; fileEncoding = 4; lastKnownFileType = sourcecode.c.h; path = "APDesktopHdDetachedSymbolsContentViaCraftVC.h"; sourceTree = "<group>"; };
		2A5C3F9E1656B48CB970E073 /* APSketchResizableSymbolsforResponsiveInterfacesManager.m */ = {isa = PBXFileReference; fileEncoding = 4; lastKnownFileType = sourcecode.c.objc; path = "APSketchResizableSymbolsforResponsiveInterfacesManager.m"; sourceTree = "<group>"; };
		9D26C5DEE902300D38935397 /* APDesktopHdDetachedSymbolsContentViaCraftVC.m */ = {isa = PBXFileReference; fileEncoding = 4; lastKnownFileType = sourcecode.c.objc; path = "APDesktopHdDetachedSymbolsContentViaCraftVC.m"; sourceTree = "<group>"; };
		E0D819AFE495A49D198945BB /* SFUIDisplay-Semibold.ttf */ = {isa = PBXFileReference; lastKnownFileType = file; path = "SFUIDisplay-Semibold.ttf"; sourceTree = "<group>"; };
		0418447FC49CF4A1508F582B /* SFUIDisplay-Light.ttf */ = {isa = PBXFileReference; lastKnownFileType = file; path = "SFUIDisplay-Light.ttf"; sourceTree = "<group>"; };
		6B3A5F821D55CDC80000E45F /* LaunchScreen.storyboard */ = {isa = PBXFileReference; fileEncoding = 4; lastKnownFileType = file.storyboard; path = LaunchScreen.storyboard; sourceTree = "<group>"; };
		044ADF491DB572BA00DD6194 /* SketchResizableSymbolsforResponsiveInterfacesUIKit.storyboard */ = {isa = PBXFileReference; fileEncoding = 4; lastKnownFileType = file.storyboard; path = SketchResizableSymbolsforResponsiveInterfacesUIKit.storyboard; sourceTree = "<group>"; };
		047723701E0063CB0067F666 /* ExampleUITests.xctest */ = {isa = PBXFileReference; explicitFileType = wrapper.cfbundle; includeInIndex = 0; path = ExampleUITests.xctest; sourceTree = BUILT_PRODUCTS_DIR; };
		047723721E0063CB0067F666 /* ExampleUITests.swift */ = {isa = PBXFileReference; lastKnownFileType = sourcecode.swift; path = ExampleUITests.swift; sourceTree = "<group>"; };
		047723741E0063CB0067F666 /* Info.plist */ = {isa = PBXFileReference; lastKnownFileType = text.plist.xml; path = Info.plist; sourceTree = "<group>"; };
		0477237C1E0063FE0067F666 /* SnapshotHelper.swift */ = {isa = PBXFileReference; fileEncoding = 4; lastKnownFileType = sourcecode.swift; path = SnapshotHelper.swift; sourceTree = "<group>"; };
/* End PBXFileReference section */

/* Begin PBXFrameworksBuildPhase section */
        040B02DD1DB4277F000AC34A /* Frameworks */ = {
			isa = PBXFrameworksBuildPhase;
			buildActionMask = 2147483647;
			files = (
			);
			runOnlyForDeploymentPostprocessing = 0;
		};
		6B3A5F5B1D5532050000E45F /* Frameworks */ = {
			isa = PBXFrameworksBuildPhase;
			buildActionMask = 2147483647;
			files = (
				6B8206171D5777D500AE6F94 /* MapKit.framework in Frameworks */,
				6B8206151D5777D000AE6F94 /* AVFoundation.framework in Frameworks */,
				040B02E81DB4277F000AC34A /* SketchResizableSymbolsforResponsiveInterfacesUIKit.framework in Frameworks */,
				6B8206131D5777CB00AE6F94 /* AVKit.framework in Frameworks */,
			);
			runOnlyForDeploymentPostprocessing = 0;
		};
/* End PBXFrameworksBuildPhase section */

/* Begin PBXGroup section */
		6B3A5F551D5532050000E45F = {
			isa = PBXGroup;
			children = (
			    6B3A5F601D5532050000E45F /* Example */,
				040B02E21DB4277F000AC34A /* SketchResizableSymbolsforResponsiveInterfacesUIKit */,
				6B3A5F781D5533A90000E45F /* Anima-iOS-SDK */,
				047723711E0063CB0067F666 /* ExampleUITests */,
				6B8206181D5777DD00AE6F94 /* Frameworks */,
				6B3A5F5F1D5532050000E45F /* Products */,
			);
			sourceTree = "<group>";
		};
		6B3A5F5F1D5532050000E45F /* Products */ = {
			isa = PBXGroup;
			children = (
				6B3A5F5E1D5532050000E45F /* Example.app */,
				040B02E11DB4277F000AC34A /* SketchResizableSymbolsforResponsiveInterfacesUIKit.framework */,
				047723701E0063CB0067F666 /* ExampleUITests.xctest */,
			);
			name = Products;
			sourceTree = "<group>";
		};
		6B3A5F601D5532050000E45F /* Example */ = {
			isa = PBXGroup;
			children = (
                6B3A5F611D5532050000E45F /* Supporting Files */,
                6B3A5F641D5532050000E45F /* AppDelegate.h */,
				6B3A5F651D5532050000E45F /* AppDelegate.m */,
				6B3A5F821D55CDC80000E45F /* LaunchScreen.storyboard */,
			);
			path = Example;
			sourceTree = "<group>";
		};
		6B3A5F611D5532050000E45F /* Supporting Files */ = {
			isa = PBXGroup;
			children = (
				6B3A5F621D5532050000E45F /* main.m */,
				6B3A5F721D5532050000E45F /* Info.plist */,
			);
			name = "Supporting Files";
			sourceTree = "<group>";
		};
		040B02E21DB4277F000AC34A /* SketchResizableSymbolsforResponsiveInterfacesUIKit */ = {
			isa = PBXGroup;
			children = (
			    6B53AE841D6C875A008DF93D /* Resources */,
				6B3A5F6D1D5532050000E45F /* SketchResizableSymbolsforResponsiveInterfacesUIKit.xcassets */,
				A43E65F5DE631C3147D34450 /* APSketchResizableSymbolsforResponsiveInterfacesManager.h */,
				2A5C3F9E1656B48CB970E073 /* APSketchResizableSymbolsforResponsiveInterfacesManager.m */,
				D1D6D924373B3B9745B3A4B9 /* APDesktopHdDetachedSymbolsContentViaCraftVC.h */,
				9D26C5DEE902300D38935397 /* APDesktopHdDetachedSymbolsContentViaCraftVC.m */,
				040B02E31DB4277F000AC34A /* SketchResizableSymbolsforResponsiveInterfacesUIKit.h */,
				044ADF491DB572BA00DD6194 /* SketchResizableSymbolsforResponsiveInterfacesUIKit.storyboard */,
				040B02E41DB4277F000AC34A /* Info.plist */,
			);
			path = SketchResizableSymbolsforResponsiveInterfacesUIKit;
			sourceTree = "<group>";
		};
		6B3A5F781D5533A90000E45F /* Anima-iOS-SDK */ = {
			isa = PBXGroup;
			children = (
				245E26B2D3FF3C8C2C9CAA10 /* AnimaSDK.h */,
				49C8403CA60FFBB039C8DEF3 /* ANGradientView.m */,
				54AC65A7FAB41A5105D20306 /* ANClassMapping.m */,
				6116C6672C6E979604B2AF95 /* NSDictionary+Anima.m */,
				E2990605A07C7D9CCB7F8DC0 /* ANMacros.h */,
				6FBA737FDA2475198351960F /* ANTabBarController.m */,
				6F40F13B122AD1E36711E41D /* UIWebView+Anima.m */,
				3DA48AE9A1F99D54AEBE79F5 /* ANGradientView.h */,
				5D83E4197EB172A6273BA488 /* ANVideoPlayer.h */,
				885E2D8D7983357FC442DC91 /* MKMapView+Anima.h */,
				9478D705983B121F1ECF990E /* ANNavigationController.m */,
				390F537F2C02CB63740A54B9 /* ANRSSParser.h */,
				44E033FC045C19C8797143C1 /* ANViewController.m */,
				E10C34066F267BFEBCE34DDE /* ANProtocols.h */,
				6D8E6421E08E0B336963C064 /* ANTheme.h */,
				B8F0B4365E03A80EDFF59015 /* ANTextField.h */,
				50F54D871C7BB53043CB95F2 /* ANNavigationController.h */,
				644EC1D95A6DFAD891D733ED /* UIView+Anima.m */,
				9320C3E060BBDE7E6678656B /* ANViewController.h */,
				18AE96A121BB05817102E32E /* ANTheme.m */,
				34478D42E582C90873D65121 /* NSString+Anima.h */,
				8585A6FF5742B3C1EE0492CD /* UIWebView+Anima.h */,
				2BE13FAC0B6E050CDBA71BDB /* Anima-Bridging-Header.h */,
				F51A157193B52214800C3611 /* ANCSVParser.h */,
				8EADDE29E3B2C6499CDEA4ED /* ANDataList.m */,
				142D79C4E43326BC56965024 /* ANLabel.h */,
				C8329216DBABD140059B50DB /* ANRSSParser.m */,
				6C8D49EDE7FD549097F316AA /* UIImageView+Anima.m */,
				55B5DE6784A1833609F7B363 /* ANClassMapping.h */,
				BAF365CD2648FB1A6D6CF4B9 /* NSDictionary+Anima.h */,
				07EAC3BB66A1F2E1B284E98D /* ANTabBarController.h */,
				883174213FF548F8CB052731 /* NSString+Anima.m */,
				091CAB65ED9C538B421D78A4 /* UIView+AnimaConstraints.h */,
				B95E31BF727DAB83CB769A4A /* ANVideoPlayer.m */,
				EC15F79844B339F2ECEE1FCD /* ANLabel.m */,
				A300210A07BB510F18A1E2A0 /* UIView+Anima.h */,
				B667DD30E1A50D7B65704958 /* UIView+AnimaConstraints.m */,
				79DB1EC64BD493E147C83386 /* UIImageView+Anima.h */,
				69E10FF35CFCDD9CBE537BA4 /* ANDataList.h */,
				0F6D527EBB408582C694CB4D /* ANCSVParser.m */,
				9536DD37EBB25A618D434C3C /* MKMapView+Anima.m */,
				22F1B13FC5A42286D00DC96D /* ANTextField.m */,
				);
			path = "Anima-iOS-SDK";
			sourceTree = "<group>";
		};
		047723711E0063CB0067F666 /* ExampleUITests */ = {
			isa = PBXGroup;
			children = (
				0477237C1E0063FE0067F666 /* SnapshotHelper.swift */,
				047723721E0063CB0067F666 /* ExampleUITests.swift */,
				047723741E0063CB0067F666 /* Info.plist */,
			);
			path = ExampleUITests;
			sourceTree = "<group>";
		};
        6B8206181D5777DD00AE6F94 /* Frameworks */ = {
			isa = PBXGroup;
			children = (
				6B8206161D5777D500AE6F94 /* MapKit.framework */,
				6B8206141D5777D000AE6F94 /* AVFoundation.framework */,
				6B8206121D5777CB00AE6F94 /* AVKit.framework */,
			);
			name = Frameworks;
			sourceTree = "<group>";
		};
        6B53AE841D6C875A008DF93D /* Resources */ = {
			isa = PBXGroup;
			children = (
				E0D819AFE495A49D198945BB /* SFUIDisplay-Semibold.ttf in Resources */,
				0418447FC49CF4A1508F582B /* SFUIDisplay-Light.ttf in Resources */,
				);
			name = Resources;
			path = Resources;
			sourceTree = "<group>";
		};
/* End PBXGroup section */

/* Begin PBXNativeTarget section */
		6B3A5F5D1D5532050000E45F /* Example */ = {
			isa = PBXNativeTarget;
			buildConfigurationList = 6B3A5F751D5532050000E45F /* Build configuration list for PBXNativeTarget "Example" */;
			buildPhases = (
				6B3A5F5A1D5532050000E45F /* Sources */,
				6B3A5F5B1D5532050000E45F /* Frameworks */,
				040B02ED1DB4277F000AC34A /* Embed Frameworks */,
			);
			buildRules = (
			);
			dependencies = (
				040B02E71DB4277F000AC34A /* PBXTargetDependency */,
			);
			name = Example;
			productName = SketchResizableSymbolsforResponsiveInterfaces;
			productReference = 6B3A5F5E1D5532050000E45F /* Example.app */;
			productType = "com.apple.product-type.application";
		};
		040B02E01DB4277F000AC34A /* SketchResizableSymbolsforResponsiveInterfacesUIKit */ = {
			isa = PBXNativeTarget;
			buildConfigurationList = 040B02EC1DB4277F000AC34A /* Build configuration list for PBXNativeTarget "SketchResizableSymbolsforResponsiveInterfacesUIKit" */;
			buildPhases = (
				040B02DC1DB4277F000AC34A /* Sources */,
				040B02DD1DB4277F000AC34A /* Frameworks */,
				040B02DE1DB4277F000AC34A /* Headers */,
				040B02DF1DB4277F000AC34A /* Resources */,
			);
			buildRules = (
			);
			dependencies = (
			);
			name = SketchResizableSymbolsforResponsiveInterfacesUIKit;
			productName = SketchResizableSymbolsforResponsiveInterfacesUIKit;
			productReference = 040B02E11DB4277F000AC34A /* SketchResizableSymbolsforResponsiveInterfacesUIKit */;
			productType = "com.apple.product-type.framework";
		};
		0477236F1E0063CB0067F666 /* ExampleUITests */ = {
			isa = PBXNativeTarget;
			buildConfigurationList = 047723771E0063CB0067F666 /* Build configuration list for PBXNativeTarget "ExampleUITests" */;
			buildPhases = (
				0477236C1E0063CB0067F666 /* Sources */,
				0477236D1E0063CB0067F666 /* Frameworks */,
				0477236E1E0063CB0067F666 /* Resources */,
			);
			buildRules = (
			);
			dependencies = (
				047723761E0063CB0067F666 /* PBXTargetDependency */,
			);
			name = ExampleUITests;
			productName = ExampleUITests;
			productReference = 047723701E0063CB0067F666 /* ExampleUITests.xctest */;
			productType = "com.apple.product-type.bundle.ui-testing";
		};
/* End PBXNativeTarget section */

/* Begin PBXProject section */
		6B3A5F561D5532050000E45F /* Project object */ = {
			isa = PBXProject;
			attributes = {
			    LastUpgradeCheck = 0730;
				ORGANIZATIONNAME = CompanyName;
				TargetAttributes = {
				    6B3A5F5D1D5532050000E45F = {
						CreatedOnToolsVersion = 8.0;
					};
					040B02E01DB4277F000AC34A = {
						CreatedOnToolsVersion = 8.0;
					};
				};
			};
			buildConfigurationList = 6B3A5F591D5532050000E45F /* Build configuration list for PBXProject "SketchResizableSymbolsforResponsiveInterfacesUIKit" */;
			compatibilityVersion = "Xcode 3.2";
			developmentRegion = English;
			hasScannedForEncodings = 0;
			knownRegions = (
				en,
				Base,
			);
			mainGroup = 6B3A5F551D5532050000E45F;
			productRefGroup = 6B3A5F5F1D5532050000E45F /* Products */;
			projectDirPath = "";
			projectRoot = "";
			targets = (
			    6B3A5F5D1D5532050000E45F /* Example */,
				040B02E01DB4277F000AC34A /* SketchResizableSymbolsforResponsiveInterfacesUIKit */,
				0477236F1E0063CB0067F666 /* ExampleUITests */,
			);
		};
/* End PBXProject section */

/* Begin PBXResourcesBuildPhase section */
        040B02DF1DB4277F000AC34A /* Resources */ = {
			isa = PBXResourcesBuildPhase;
			buildActionMask = 2147483647;
			files = (
				044ADF5C1DB572BA00DD6194 /* SketchResizableSymbolsforResponsiveInterfacesUIKit.xcassets in Resources */,
				044ADFF41DB5784800DD6194 /* License.txt in Resources */,
				044ADF211DB5654D00DD6194 /* Info.plist in Resources */,
				044ADFE41DB5784800DD6194 /* Anima-iOS-SDK.podspec in Resources */,
				044ADF5B1DB572BA00DD6194 /* SketchResizableSymbolsforResponsiveInterfacesUIKit.storyboard in Resources */,
				32C864FEFC02BC89C54E32FC /* SFUIDisplay-Semibold.ttf in Resources */,
				81B670C56792D185490E6AB3 /* SFUIDisplay-Light.ttf in Resources */,
				);
			runOnlyForDeploymentPostprocessing = 0;
		};
		6B3A5F5C1D5532050000E45F /* Resources */ = {
			isa = PBXResourcesBuildPhase;
			buildActionMask = 2147483647;
			files = (
				6B3A5F6E1D5532050000E45F /* SketchResizableSymbolsforResponsiveInterfacesUIKit.xcassets.xcassets in Resources */,
				6B3A5F841D55CDC80000E45F /* LaunchScreen.storyboard in Resources */,
			);
			runOnlyForDeploymentPostprocessing = 0;
		};
/* End PBXResourcesBuildPhase section */

/* Begin PBXSourcesBuildPhase section */
        040B02DC1DB4277F000AC34A /* Sources */ = {
			isa = PBXSourcesBuildPhase;
			buildActionMask = 2147483647;
			files = (
				EFBF67035AE1ED5D236B5927 /* ANGradientView.m in Sources */,
				A4ECF2E405F20139D611FAA3 /* ANClassMapping.m in Sources */,
				5C05B39AAE3BCF26D762BAE3 /* NSDictionary+Anima.m in Sources */,
				401F99FE703E4A0C8E25DA5E /* ANTabBarController.m in Sources */,
				27D4D7A01443C971F6EACD9B /* UIWebView+Anima.m in Sources */,
				65CD5B6693CB82A841D1009F /* ANNavigationController.m in Sources */,
				C78E671C6E03BF12314BFA90 /* ANViewController.m in Sources */,
				54B4D7BA8D5C67FB6A9D2D44 /* UIView+Anima.m in Sources */,
				E88B4DEA373C60343E1567B1 /* ANTheme.m in Sources */,
				E771AEAF0F1FED7110E64CA0 /* ANDataList.m in Sources */,
				C175B1AD639DCF5C20DD601F /* ANRSSParser.m in Sources */,
				8867F7FE3AD2F990E4985F58 /* UIImageView+Anima.m in Sources */,
				ED2754F6DED1C8D67E79D015 /* NSString+Anima.m in Sources */,
				DF95E7F937AA0307DB8A9C79 /* ANVideoPlayer.m in Sources */,
				56F3A6CD56871B704335499F /* ANLabel.m in Sources */,
				FA1CE9BA36328AD3DED7C5DC /* UIView+AnimaConstraints.m in Sources */,
				71903874008EA75907C08036 /* ANCSVParser.m in Sources */,
				7053E9F500FF693FCBBF18C1 /* MKMapView+Anima.m in Sources */,
				95BA8806E4223847F777752D /* ANTextField.m in Sources */,
				1E0DD97E366451A21BF6144B /* APSketchResizableSymbolsforResponsiveInterfacesManager.m in Sources */,
				59A47002B091D75432EBE278 /* APDesktopHdDetachedSymbolsContentViaCraftVC.m in Sources */,
				);
			runOnlyForDeploymentPostprocessing = 0;
		};
		6B3A5F5A1D5532050000E45F /* Sources */ = {
			isa = PBXSourcesBuildPhase;
			buildActionMask = 2147483647;
			files = (
			    6B3A5F661D5532050000E45F /* AppDelegate.m in Sources */,
				6B3A5F631D5532050000E45F /* main.m in Sources */,
				);
			runOnlyForDeploymentPostprocessing = 0;
		};
		0477236C1E0063CB0067F666 /* Sources */ = {
			isa = PBXSourcesBuildPhase;
			buildActionMask = 2147483647;
			files = (
				047723731E0063CB0067F666 /* ExampleUITests.swift in Sources */,
				0477237D1E0063FE0067F666 /* SnapshotHelper.swift in Sources */,
			);
			runOnlyForDeploymentPostprocessing = 0;
		};
/* End PBXSourcesBuildPhase section */

/* Begin PBXTargetDependency section */
		040B02E71DB4277F000AC34A /* PBXTargetDependency */ = {
			isa = PBXTargetDependency;
			target = 040B02E01DB4277F000AC34A /* SketchResizableSymbolsforResponsiveInterfacesUIKit */;
			targetProxy = 040B02E61DB4277F000AC34A /* PBXContainerItemProxy */;
		};
		047723761E0063CB0067F666 /* PBXTargetDependency */ = {
			isa = PBXTargetDependency;
			target = 6B3A5F5D1D5532050000E45F /* Example */;
			targetProxy = 047723751E0063CB0067F666 /* PBXContainerItemProxy */;
		};
/* End PBXTargetDependency section */

/* Begin XCBuildConfiguration section */
        040B02EA1DB4277F000AC34A /* Debug */ = {
			isa = XCBuildConfiguration;
			buildSettings = {
				CLANG_WARN_DOCUMENTATION_COMMENTS = YES;
				CLANG_WARN_INFINITE_RECURSION = YES;
				CLANG_WARN_SUSPICIOUS_MOVES = YES;
				CODE_SIGN_IDENTITY = "iPhone Developer";
				"CODE_SIGN_IDENTITY[sdk=iphoneos*]" = "iPhone Developer";
				CURRENT_PROJECT_VERSION = 1;
				DEFINES_MODULE = YES;
				DEVELOPMENT_TEAM = 9NBMUGY7C7;
				DYLIB_COMPATIBILITY_VERSION = 1;
				DYLIB_CURRENT_VERSION = 1;
				DYLIB_INSTALL_NAME_BASE = "@rpath";
				INFOPLIST_FILE = SketchResizableSymbolsforResponsiveInterfacesUIKit/Info.plist;
				INSTALL_PATH = "$(LOCAL_LIBRARY_DIR)/Frameworks";
				IPHONEOS_DEPLOYMENT_TARGET = 9.0;
				LD_RUNPATH_SEARCH_PATHS = "$(inherited) @executable_path/Frameworks @loader_path/Frameworks";
				PRODUCT_BUNDLE_IDENTIFIER = com.CompanyName.SketchResizableSymbolsforResponsiveInterfaces;
				PRODUCT_NAME = "$(TARGET_NAME)";
				SKIP_INSTALL = YES;
				TARGETED_DEVICE_FAMILY = "1,2";
				VERSIONING_SYSTEM = "apple-generic";
				VERSION_INFO_PREFIX = "";
			};
			name = Debug;
		};
		040B02EB1DB4277F000AC34A /* Release */ = {
			isa = XCBuildConfiguration;
			buildSettings = {
				CLANG_WARN_DOCUMENTATION_COMMENTS = YES;
				CLANG_WARN_INFINITE_RECURSION = YES;
				CLANG_WARN_SUSPICIOUS_MOVES = YES;
				CODE_SIGN_IDENTITY = "";
				CURRENT_PROJECT_VERSION = 1;
				DEFINES_MODULE = YES;
				DEVELOPMENT_TEAM = 9NBMUGY7C7;
				DYLIB_COMPATIBILITY_VERSION = 1;
				DYLIB_CURRENT_VERSION = 1;
				DYLIB_INSTALL_NAME_BASE = "@rpath";
				INFOPLIST_FILE = SketchResizableSymbolsforResponsiveInterfacesUIKit/Info.plist;
				INSTALL_PATH = "$(LOCAL_LIBRARY_DIR)/Frameworks";
				IPHONEOS_DEPLOYMENT_TARGET = 9.0;
				LD_RUNPATH_SEARCH_PATHS = "$(inherited) @executable_path/Frameworks @loader_path/Frameworks";
				PRODUCT_BUNDLE_IDENTIFIER = com.CompanyName.SketchResizableSymbolsforResponsiveInterfaces;
				PRODUCT_NAME = "$(TARGET_NAME)";
				SKIP_INSTALL = YES;
				TARGETED_DEVICE_FAMILY = "1,2";
				VERSIONING_SYSTEM = "apple-generic";
				VERSION_INFO_PREFIX = "";
			};
			name = Release;
		};
		6B3A5F731D5532050000E45F /* Debug */ = {
			isa = XCBuildConfiguration;
			buildSettings = {
				ALWAYS_SEARCH_USER_PATHS = NO;
				CLANG_ANALYZER_NONNULL = YES;
				CLANG_CXX_LANGUAGE_STANDARD = "gnu++0x";
				CLANG_CXX_LIBRARY = "libc++";
				CLANG_ENABLE_MODULES = YES;
				CLANG_ENABLE_OBJC_ARC = YES;
				CLANG_WARN_BOOL_CONVERSION = YES;
				CLANG_WARN_CONSTANT_CONVERSION = YES;
				CLANG_WARN_DIRECT_OBJC_ISA_USAGE = YES_ERROR;
				CLANG_WARN_EMPTY_BODY = YES;
				CLANG_WARN_ENUM_CONVERSION = YES;
				CLANG_WARN_INT_CONVERSION = YES;
				CLANG_WARN_OBJC_ROOT_CLASS = YES_ERROR;
				CLANG_WARN_UNREACHABLE_CODE = YES;
				CLANG_WARN__DUPLICATE_METHOD_MATCH = YES;
				"CODE_SIGN_IDENTITY[sdk=iphoneos*]" = "iPhone Developer";
				COPY_PHASE_STRIP = NO;
				DEBUG_INFORMATION_FORMAT = dwarf;
				ENABLE_STRICT_OBJC_MSGSEND = YES;
				ENABLE_TESTABILITY = YES;
				GCC_C_LANGUAGE_STANDARD = gnu99;
				GCC_DYNAMIC_NO_PIC = NO;
				GCC_NO_COMMON_BLOCKS = YES;
				GCC_OPTIMIZATION_LEVEL = 0;
				GCC_PREPROCESSOR_DEFINITIONS = (
					"DEBUG=1",
					"$(inherited)",
				);
				GCC_WARN_64_TO_32_BIT_CONVERSION = YES;
				GCC_WARN_ABOUT_RETURN_TYPE = YES_ERROR;
				GCC_WARN_UNDECLARED_SELECTOR = YES;
				GCC_WARN_UNINITIALIZED_AUTOS = YES_AGGRESSIVE;
				GCC_WARN_UNUSED_FUNCTION = YES;
				GCC_WARN_UNUSED_VARIABLE = YES;
				IPHONEOS_DEPLOYMENT_TARGET = 9.0;
				MTL_ENABLE_DEBUG_INFO = YES;
				ONLY_ACTIVE_ARCH = YES;
				SDKROOT = iphoneos;
				};
			name = Debug;
		};
		6B3A5F741D5532050000E45F /* Release */ = {
			isa = XCBuildConfiguration;
			buildSettings = {
				ALWAYS_SEARCH_USER_PATHS = NO;
				CLANG_ANALYZER_NONNULL = YES;
				CLANG_CXX_LANGUAGE_STANDARD = "gnu++0x";
				CLANG_CXX_LIBRARY = "libc++";
				CLANG_ENABLE_MODULES = YES;
				CLANG_ENABLE_OBJC_ARC = YES;
				CLANG_WARN_BOOL_CONVERSION = YES;
				CLANG_WARN_CONSTANT_CONVERSION = YES;
				CLANG_WARN_DIRECT_OBJC_ISA_USAGE = YES_ERROR;
				CLANG_WARN_EMPTY_BODY = YES;
				CLANG_WARN_ENUM_CONVERSION = YES;
				CLANG_WARN_INT_CONVERSION = YES;
				CLANG_WARN_OBJC_ROOT_CLASS = YES_ERROR;
				CLANG_WARN_UNREACHABLE_CODE = YES;
				CLANG_WARN__DUPLICATE_METHOD_MATCH = YES;
				"CODE_SIGN_IDENTITY[sdk=iphoneos*]" = "iPhone Developer";
				COPY_PHASE_STRIP = NO;
				DEBUG_INFORMATION_FORMAT = "dwarf-with-dsym";
				ENABLE_NS_ASSERTIONS = NO;
				ENABLE_STRICT_OBJC_MSGSEND = YES;
				GCC_C_LANGUAGE_STANDARD = gnu99;
				GCC_NO_COMMON_BLOCKS = YES;
				GCC_WARN_64_TO_32_BIT_CONVERSION = YES;
				GCC_WARN_ABOUT_RETURN_TYPE = YES_ERROR;
				GCC_WARN_UNDECLARED_SELECTOR = YES;
				GCC_WARN_UNINITIALIZED_AUTOS = YES_AGGRESSIVE;
				GCC_WARN_UNUSED_FUNCTION = YES;
				GCC_WARN_UNUSED_VARIABLE = YES;
				IPHONEOS_DEPLOYMENT_TARGET = 9.0;
				MTL_ENABLE_DEBUG_INFO = NO;
				SDKROOT = iphoneos;
				VALIDATE_PRODUCT = YES;
				};
			name = Release;
		};
		6B3A5F761D5532050000E45F /* Debug */ = {
			isa = XCBuildConfiguration;
			buildSettings = {
				ASSETCATALOG_COMPILER_APPICON_NAME = AppIcon;
				INFOPLIST_FILE = Example/Info.plist;
				IPHONEOS_DEPLOYMENT_TARGET = 9.0;
				LD_RUNPATH_SEARCH_PATHS = "$(inherited) @executable_path/Frameworks";
				PRODUCT_BUNDLE_IDENTIFIER = com.CompanyName.SketchResizableSymbolsforResponsiveInterfaces;
				PRODUCT_NAME = "$(TARGET_NAME)";
			};
			name = Debug;
		};
		6B3A5F771D5532050000E45F /* Release */ = {
			isa = XCBuildConfiguration;
			buildSettings = {
				ASSETCATALOG_COMPILER_APPICON_NAME = AppIcon;
				INFOPLIST_FILE = Example/Info.plist;
				IPHONEOS_DEPLOYMENT_TARGET = 9.0;
				LD_RUNPATH_SEARCH_PATHS = "$(inherited) @executable_path/Frameworks";
				PRODUCT_BUNDLE_IDENTIFIER = com.CompanyName.SketchResizableSymbolsforResponsiveInterfaces;
				PRODUCT_NAME = "$(TARGET_NAME)";
			};
			name = Release;
		};
		047723781E0063CB0067F666 /* Debug */ = {
			isa = XCBuildConfiguration;
			buildSettings = {
				ALWAYS_EMBED_SWIFT_STANDARD_LIBRARIES = YES;
				COPY_PHASE_STRIP = NO;
				GCC_DYNAMIC_NO_PIC = NO;
				GCC_OPTIMIZATION_LEVEL = 0;
				INFOPLIST_FILE = ExampleUITests/Info.plist;
				LD_RUNPATH_SEARCH_PATHS = "$(FRAMEWORK_SEARCH_PATHS) @executable_path/Frameworks @loader_path/Frameworks";
				PRODUCT_BUNDLE_IDENTIFIER = com.animaapp.ExampleUITests;
				PRODUCT_NAME = ExampleUITests;
				SWIFT_VERSION = 3.0;
				TEST_TARGET_NAME = Example;
			};
			name = Debug;
		};
		047723791E0063CB0067F666 /* Release */ = {
			isa = XCBuildConfiguration;
			buildSettings = {
				ALWAYS_EMBED_SWIFT_STANDARD_LIBRARIES = YES;
				COPY_PHASE_STRIP = YES;
				DEBUG_INFORMATION_FORMAT = "dwarf-with-dsym";
				INFOPLIST_FILE = ExampleUITests/Info.plist;
				LD_RUNPATH_SEARCH_PATHS = "$(FRAMEWORK_SEARCH_PATHS) @executable_path/Frameworks @loader_path/Frameworks";
				PRODUCT_BUNDLE_IDENTIFIER = com.animaapp.ExampleUITests;
				PRODUCT_NAME = ExampleUITests;
				SWIFT_VERSION = 3.0;
				TEST_TARGET_NAME = Example;
			};
			name = Release;
		};
/* End XCBuildConfiguration section */

/* Begin XCConfigurationList section */
        040B02EC1DB4277F000AC34A /* Build configuration list for PBXNativeTarget "SketchResizableSymbolsforResponsiveInterfacesUIKit" */ = {
			isa = XCConfigurationList;
			buildConfigurations = (
				040B02EA1DB4277F000AC34A /* Debug */,
				040B02EB1DB4277F000AC34A /* Release */,
			);
			defaultConfigurationIsVisible = 0;
			defaultConfigurationName = Release;
		};
		6B3A5F591D5532050000E45F /* Build configuration list for PBXProject "Example" */ = {
			isa = XCConfigurationList;
			buildConfigurations = (
				6B3A5F731D5532050000E45F /* Debug */,
				6B3A5F741D5532050000E45F /* Release */,
			);
			defaultConfigurationIsVisible = 0;
			defaultConfigurationName = Release;
		};
		6B3A5F751D5532050000E45F /* Build configuration list for PBXNativeTarget "SketchResizableSymbolsforResponsiveInterfacesUIKit" */ = {
			isa = XCConfigurationList;
			buildConfigurations = (
				6B3A5F761D5532050000E45F /* Debug */,
				6B3A5F771D5532050000E45F /* Release */,
			);
			defaultConfigurationIsVisible = 0;
		};
		047723771E0063CB0067F666 /* Build configuration list for PBXNativeTarget "ExampleUITests" */ = {
			isa = XCConfigurationList;
			buildConfigurations = (
				047723781E0063CB0067F666 /* Debug */,
				047723791E0063CB0067F666 /* Release */,
			);
			defaultConfigurationIsVisible = 0;
			defaultConfigurationName = Release;
		};
/* End XCConfigurationList section */
	};
	rootObject = 6B3A5F561D5532050000E45F /* Project object */;
}